
Microsoft Visual Studio Solution File, Format Version 12.00
# Visual Studio Version 17
VisualStudioVersion = 17.7.34031.279
MinimumVisualStudioVersion = 10.0.40219.1
Project("{2150E333-8FDC-42A3-9474-1A3956D46DE8}") = "Web", "Web", "{1ECA8BF0-3A0A-499D-9011-DA2D86A409FF}"
EndProject
Project("{FAE04EC0-301F-11D3-BF4B-00C04F79EFBC}") = "WebAPI", "WebAPI\WebAPI.csproj", "{BB06122C-4277-45A5-9D74-ACC384A6BD7F}"
EndProject
Project("{2150E333-8FDC-42A3-9474-1A3956D46DE8}") = "Application", "Application", "{1B3AB823-4317-4A20-9DCF-33920C488848}"
EndProject
Project("{FAE04EC0-301F-11D3-BF4B-00C04F79EFBC}") = "WebAPI.Application", "WebAPI.Application\WebAPI.Application.csproj", "{A741FABF-1589-4269-8278-E37A7A83F190}"
EndProject
Project("{2150E333-8FDC-42A3-9474-1A3956D46DE8}") = "Domain", "Domain", "{488ABB3C-40A4-4154-A2A7-D41FE6295B80}"
EndProject
Project("{FAE04EC0-301F-11D3-BF4B-00C04F79EFBC}") = "WebAPI.Domain", "WebAPI.Domain\WebAPI.Domain.csproj", "{E2D41859-5883-444E-A607-40EB04B98143}"
EndProject
Project("{2150E333-8FDC-42A3-9474-1A3956D46DE8}") = "Infrastructure", "Infrastructure", "{79FC31B6-B1EC-41BA-A70E-501CA5E21A8B}"
EndProject
Project("{2150E333-8FDC-42A3-9474-1A3956D46DE8}") = "Infrastructure.Data", "Infrastructure.Data", "{52F20ACC-3483-49FC-A3DA-CDE2DE491352}"
EndProject
Project("{2150E333-8FDC-42A3-9474-1A3956D46DE8}") = "Infrastructure.IoC", "Infrastructure.IoC", "{CF85FF80-BBD5-471C-B121-911F672BC17F}"
EndProject
Project("{FAE04EC0-301F-11D3-BF4B-00C04F79EFBC}") = "WebAPI.Infrastructure.Data", "WebAPI.Infrastructure.Data\WebAPI.Infrastructure.Data.csproj", "{3EA96AA7-31D6-4B57-A9CF-5F5549D09DD8}"
EndProject
Project("{FAE04EC0-301F-11D3-BF4B-00C04F79EFBC}") = "WebAPI.Infrastructure.IoC", "WebAPI.Infrastructure.IoC\WebAPI.Infrastructure.IoC.csproj", "{1E85FF05-87B0-4E4E-9ACF-9FFE876F0DFE}"
EndProject
Project("{00D1A9C2-B5F0-4AF3-8072-F6C62B433612}") = "WebAPI.DataBase", "WebAPI.DataBase\WebAPI.DataBase.sqlproj", "{34222051-6BF6-4F73-B491-D18A64B41F5B}"
EndProject
Global
	GlobalSection(SolutionConfigurationPlatforms) = preSolution
		Debug|Any CPU = Debug|Any CPU
		Release|Any CPU = Release|Any CPU
	EndGlobalSection
	GlobalSection(ProjectConfigurationPlatforms) = postSolution
		{BB06122C-4277-45A5-9D74-ACC384A6BD7F}.Debug|Any CPU.ActiveCfg = Debug|Any CPU
		{BB06122C-4277-45A5-9D74-ACC384A6BD7F}.Debug|Any CPU.Build.0 = Debug|Any CPU
		{BB06122C-4277-45A5-9D74-ACC384A6BD7F}.Release|Any CPU.ActiveCfg = Release|Any CPU
		{BB06122C-4277-45A5-9D74-ACC384A6BD7F}.Release|Any CPU.Build.0 = Release|Any CPU
		{A741FABF-1589-4269-8278-E37A7A83F190}.Debug|Any CPU.ActiveCfg = Debug|Any CPU
		{A741FABF-1589-4269-8278-E37A7A83F190}.Debug|Any CPU.Build.0 = Debug|Any CPU
		{A741FABF-1589-4269-8278-E37A7A83F190}.Release|Any CPU.ActiveCfg = Release|Any CPU
		{A741FABF-1589-4269-8278-E37A7A83F190}.Release|Any CPU.Build.0 = Release|Any CPU
		{E2D41859-5883-444E-A607-40EB04B98143}.Debug|Any CPU.ActiveCfg = Debug|Any CPU
		{E2D41859-5883-444E-A607-40EB04B98143}.Debug|Any CPU.Build.0 = Debug|Any CPU
		{E2D41859-5883-444E-A607-40EB04B98143}.Release|Any CPU.ActiveCfg = Release|Any CPU
		{E2D41859-5883-444E-A607-40EB04B98143}.Release|Any CPU.Build.0 = Release|Any CPU
		{3EA96AA7-31D6-4B57-A9CF-5F5549D09DD8}.Debug|Any CPU.ActiveCfg = Debug|Any CPU
		{3EA96AA7-31D6-4B57-A9CF-5F5549D09DD8}.Debug|Any CPU.Build.0 = Debug|Any CPU
		{3EA96AA7-31D6-4B57-A9CF-5F5549D09DD8}.Release|Any CPU.ActiveCfg = Release|Any CPU
		{3EA96AA7-31D6-4B57-A9CF-5F5549D09DD8}.Release|Any CPU.Build.0 = Release|Any CPU
		{1E85FF05-87B0-4E4E-9ACF-9FFE876F0DFE}.Debug|Any CPU.ActiveCfg = Debug|Any CPU
		{1E85FF05-87B0-4E4E-9ACF-9FFE876F0DFE}.Debug|Any CPU.Build.0 = Debug|Any CPU
		{1E85FF05-87B0-4E4E-9ACF-9FFE876F0DFE}.Release|Any CPU.ActiveCfg = Release|Any CPU
		{1E85FF05-87B0-4E4E-9ACF-9FFE876F0DFE}.Release|Any CPU.Build.0 = Release|Any CPU
		{34222051-6BF6-4F73-B491-D18A64B41F5B}.Debug|Any CPU.ActiveCfg = Debug|Any CPU
		{34222051-6BF6-4F73-B491-D18A64B41F5B}.Debug|Any CPU.Build.0 = Debug|Any CPU
		{34222051-6BF6-4F73-B491-D18A64B41F5B}.Debug|Any CPU.Deploy.0 = Debug|Any CPU
		{34222051-6BF6-4F73-B491-D18A64B41F5B}.Release|Any CPU.ActiveCfg = Release|Any CPU
		{34222051-6BF6-4F73-B491-D18A64B41F5B}.Release|Any CPU.Build.0 = Release|Any CPU
		{34222051-6BF6-4F73-B491-D18A64B41F5B}.Release|Any CPU.Deploy.0 = Release|Any CPU
	EndGlobalSection
	GlobalSection(SolutionProperties) = preSolution
		HideSolutionNode = FALSE
	EndGlobalSection
	GlobalSection(NestedProjects) = preSolution
		{BB06122C-4277-45A5-9D74-ACC384A6BD7F} = {1ECA8BF0-3A0A-499D-9011-DA2D86A409FF}
		{A741FABF-1589-4269-8278-E37A7A83F190} = {1B3AB823-4317-4A20-9DCF-33920C488848}
		{E2D41859-5883-444E-A607-40EB04B98143} = {488ABB3C-40A4-4154-A2A7-D41FE6295B80}
		{52F20ACC-3483-49FC-A3DA-CDE2DE491352} = {79FC31B6-B1EC-41BA-A70E-501CA5E21A8B}
		{CF85FF80-BBD5-471C-B121-911F672BC17F} = {79FC31B6-B1EC-41BA-A70E-501CA5E21A8B}
		{3EA96AA7-31D6-4B57-A9CF-5F5549D09DD8} = {52F20ACC-3483-49FC-A3DA-CDE2DE491352}
		{1E85FF05-87B0-4E4E-9ACF-9FFE876F0DFE} = {CF85FF80-BBD5-471C-B121-911F672BC17F}
		{34222051-6BF6-4F73-B491-D18A64B41F5B} = {52F20ACC-3483-49FC-A3DA-CDE2DE491352}
	EndGlobalSection
	GlobalSection(ExtensibilityGlobals) = postSolution
		SolutionGuid = {367049EB-14E2-4D57-BF16-D73BCC828A3C}
	EndGlobalSection
EndGlobal
